[[package]]
category = "main"
description = "Python 2 and 3 compatibility utilities"
name = "six"
optional = false
python-versions = ">=2.7, !=3.0.*, !=3.1.*, !=3.2.*"
version = "1.15.0"

[[package]]
category = "main"
description = "A lightweight, object-oriented Python state machine implementation with many extensions."
name = "transitions"
optional = false
python-versions = "*"
version = "0.8.5"

[package.dependencies]
six = "*"

[package.extras]
diagrams = ["pygraphviz"]
test = ["pytest"]

[metadata]
content-hash = "1e392ac021e6f39078a0ed209fdb1a8c7d499fb54212ce080cc319307cd21e93"
python-versions = "^3.8"

[metadata.files]
six = [
    {file = "six-1.15.0-py2.py3-none-any.whl", hash = "sha256:8b74bedcbbbaca38ff6d7491d76f2b06b3592611af620f8426e82dddb04a5ced"},
    {file = "six-1.15.0.tar.gz", hash = "sha256:30639c035cdb23534cd4aa2dd52c3bf48f06e5f4a941509c8bafd8ce11080259"},
]
transitions = [
    {file = "transitions-0.8.5-py2.py3-none-any.whl", hash = "sha256:bb05d3283c91e091046ed5484da2e4f8b489eb5f1bca1a5c76d47d19d703b3ff"},
    {file = "transitions-0.8.5.tar.gz", hash = "sha256:e441c66a0c753d56c01c3e5e547f21dbe4a5569c939f12477475c5e81d79769b"},
]
